
Microsoft Visual Studio Solution File, Format Version 12.00
# Visual Studio 2012
Project("{8BC9CEB8-8B4A-11D0-8D11-00A0C91BC942}") = "Project14_Box2d_frominternet", "Project14_Box2d_frominternet.vcxproj", "{286B09AD-38C3-431E-A715-B848BF8A5EFA}"
EndProject
Global
	GlobalSection(SolutionConfigurationPlatforms) = preSolution
		Debug|Win32 = Debug|Win32
		Release|Win32 = Release|Win32
	EndGlobalSection
	GlobalSection(ProjectConfigurationPlatforms) = postSolution
		{286B09AD-38C3-431E-A715-B848BF8A5EFA}.Debug|Win32.ActiveCfg = Debug|Win32
		{286B09AD-38C3-431E-A715-B848BF8A5EFA}.Debug|Win32.Build.0 = Debug|Win32
		{286B09AD-38C3-431E-A715-B848BF8A5EFA}.Release|Win32.ActiveCfg = Release|Win32
		{286B09AD-38C3-431E-A715-B848BF8A5EFA}.Release|Win32.Build.0 = Release|Win32
	EndGlobalSection
	GlobalSection(SolutionProperties) = preSolution
		HideSolutionNode = FALSE
	EndGlobalSection
EndGlobal
